// !$*UTF8*$!
{
	archiveVersion = 1;
	classes = {
	};
	objectVersion = 50;
	objects = {

/* Begin PBXBuildFile section */
		8119C902208602D200FA4187 /* BoysFromBarambha.storyboard in Resources */ = {isa = PBXBuildFile; fileRef = 8119C901208602D200FA4187 /* BoysFromBarambha.storyboard */; };
		8119C90420860EC200FA4187 /* BoysFromBaramhaLoadingViewController.swift in Sources */ = {isa = PBXBuildFile; fileRef = 8119C90320860EC200FA4187 /* BoysFromBaramhaLoadingViewController.swift */; };
		8119C91E2086166200FA4187 /* VE_01b_4_x3_2048x1536.mp4 in Resources */ = {isa = PBXBuildFile; fileRef = 8119C9062086164800FA4187 /* VE_01b_4_x3_2048x1536.mp4 */; };
		8119C91F2086166200FA4187 /* VE_011g_4x3_2048x1536.mp4 in Resources */ = {isa = PBXBuildFile; fileRef = 8119C9072086164A00FA4187 /* VE_011g_4x3_2048x1536.mp4 */; };
		8119C9202086166200FA4187 /* VE_010j_4x3_2048x1536.mp4 in Resources */ = {isa = PBXBuildFile; fileRef = 8119C9082086164A00FA4187 /* VE_010j_4x3_2048x1536.mp4 */; };
		8119C9212086166200FA4187 /* VE_04b_4x3_2048x1536.mp4 in Resources */ = {isa = PBXBuildFile; fileRef = 8119C9092086164B00FA4187 /* VE_04b_4x3_2048x1536.mp4 */; };
		8119C9222086166200FA4187 /* VE_011b_4x3_2048x1536.mp4 in Resources */ = {isa = PBXBuildFile; fileRef = 8119C90A2086164B00FA4187 /* VE_011b_4x3_2048x1536.mp4 */; };
		8119C9232086166200FA4187 /* VE_015b_4x3_2048x1536.mp4 in Resources */ = {isa = PBXBuildFile; fileRef = 8119C90B2086164C00FA4187 /* VE_015b_4x3_2048x1536.mp4 */; };
		8119C9242086166200FA4187 /* VE_017aa_4x3_2048x1536.mp4 in Resources */ = {isa = PBXBuildFile; fileRef = 8119C90C2086164D00FA4187 /* VE_017aa_4x3_2048x1536.mp4 */; };
		8119C9252086166200FA4187 /* VE_06f_4x3_2048x1536.mp4 in Resources */ = {isa = PBXBuildFile; fileRef = 8119C90D2086164E00FA4187 /* VE_06f_4x3_2048x1536.mp4 */; };
		8119C9262086166200FA4187 /* VE_010n_4x3_2048x1536.mp4 in Resources */ = {isa = PBXBuildFile; fileRef = 8119C90E2086164E00FA4187 /* VE_010n_4x3_2048x1536.mp4 */; };
		8119C9272086166200FA4187 /* VE_07b_4x3_2048x1536.mp4 in Resources */ = {isa = PBXBuildFile; fileRef = 8119C90F2086164F00FA4187 /* VE_07b_4x3_2048x1536.mp4 */; };
		8119C9282086166200FA4187 /* VE_05b_Lillian_video_clip.mp4 in Resources */ = {isa = PBXBuildFile; fileRef = 8119C9102086165100FA4187 /* VE_05b_Lillian_video_clip.mp4 */; };
		8119C9292086166200FA4187 /* VE_013b_4x3_2048x1536.mp4 in Resources */ = {isa = PBXBuildFile; fileRef = 8119C9112086165200FA4187 /* VE_013b_4x3_2048x1536.mp4 */; };
		8119C92A2086166200FA4187 /* VE_03h_4x3_2048x1536.mp4 in Resources */ = {isa = PBXBuildFile; fileRef = 8119C9122086165400FA4187 /* VE_03h_4x3_2048x1536.mp4 */; };
		8119C92B2086166200FA4187 /* VE_010d_4x3_2048x1536.mp4 in Resources */ = {isa = PBXBuildFile; fileRef = 8119C9132086165500FA4187 /* VE_010d_4x3_2048x1536.mp4 */; };
		8119C92C2086166200FA4187 /* VE_019aa_4x3_2048x1536.mp4 in Resources */ = {isa = PBXBuildFile; fileRef = 8119C9142086165600FA4187 /* VE_019aa_4x3_2048x1536.mp4 */; };
		8119C92D2086166200FA4187 /* VE_04g_4x3_2048x1536.mp4 in Resources */ = {isa = PBXBuildFile; fileRef = 8119C9152086165700FA4187 /* VE_04g_4x3_2048x1536.mp4 */; };
		8119C92E2086166200FA4187 /* VE_08b_4x3_2048x1536.mp4 in Resources */ = {isa = PBXBuildFile; fileRef = 8119C9162086165800FA4187 /* VE_08b_4x3_2048x1536.mp4 */; };
		8119C92F2086166200FA4187 /* VE_02a_4x3_2048x1536.mp4 in Resources */ = {isa = PBXBuildFile; fileRef = 8119C9172086165900FA4187 /* VE_02a_4x3_2048x1536.mp4 */; };
		8119C9302086166200FA4187 /* VE_09b_4x3_2048x1536.mp4 in Resources */ = {isa = PBXBuildFile; fileRef = 8119C9182086165A00FA4187 /* VE_09b_4x3_2048x1536.mp4 */; };
		8119C9312086166200FA4187 /* VE_010b_4x3_2048x1536.mp4 in Resources */ = {isa = PBXBuildFile; fileRef = 8119C9192086165B00FA4187 /* VE_010b_4x3_2048x1536.mp4 */; };
		8119C9322086166200FA4187 /* VE_06b_4x3_2048x1536.mp4 in Resources */ = {isa = PBXBuildFile; fileRef = 8119C91A2086165E00FA4187 /* VE_06b_4x3_2048x1536.mp4 */; };
		8119C9332086166200FA4187 /* VE_016b_4x3_2048x1536.mp4 in Resources */ = {isa = PBXBuildFile; fileRef = 8119C91B2086166000FA4187 /* VE_016b_4x3_2048x1536.mp4 */; };
		8119C9342086166200FA4187 /* VE_08e_Sandra_clip.mp4 in Resources */ = {isa = PBXBuildFile; fileRef = 8119C91C2086166100FA4187 /* VE_08e_Sandra_clip.mp4 */; };
		8119C9352086166200FA4187 /* VE_016d_4x3_2048x1536.mp4 in Resources */ = {isa = PBXBuildFile; fileRef = 8119C91D2086166200FA4187 /* VE_016d_4x3_2048x1536.mp4 */; };
		8119C93820861FF600FA4187 /* UIFont+Additions.swift in Sources */ = {isa = PBXBuildFile; fileRef = 8119C93620861FF600FA4187 /* UIFont+Additions.swift */; };
		8119C93920861FF600FA4187 /* UIColor+Additions.swift in Sources */ = {isa = PBXBuildFile; fileRef = 8119C93720861FF600FA4187 /* UIColor+Additions.swift */; };
		815222D92084666900FFEF57 /* AppDelegate.swift in Sources */ = {isa = PBXBuildFile; fileRef = 815222D82084666900FFEF57 /* AppDelegate.swift */; };
		815222DB2084666900FFEF57 /* ViewController.swift in Sources */ = {isa = PBXBuildFile; fileRef = 815222DA2084666900FFEF57 /* ViewController.swift */; };
		815222DE2084666900FFEF57 /* Main.storyboard in Resources */ = {isa = PBXBuildFile; fileRef = 815222DC2084666900FFEF57 /* Main.storyboard */; };
		815222E02084666A00FFEF57 /* Assets.xcassets in Resources */ = {isa = PBXBuildFile; fileRef = 815222DF2084666A00FFEF57 /* Assets.xcassets */; };
		815222E32084666B00FFEF57 /* LaunchScreen.storyboard in Resources */ = {isa = PBXBuildFile; fileRef = 815222E12084666B00FFEF57 /* LaunchScreen.storyboard */; };
		815222F620846AFE00FFEF57 /* BrandonGrotesque-Bold.otf in Resources */ = {isa = PBXBuildFile; fileRef = 815222EC20846AFC00FFEF57 /* BrandonGrotesque-Bold.otf */; };
		815222F720846AFE00FFEF57 /* BrandonGrotesque-Medium.otf in Resources */ = {isa = PBXBuildFile; fileRef = 815222ED20846AFC00FFEF57 /* BrandonGrotesque-Medium.otf */; };
		815222F820846AFE00FFEF57 /* BrandonGrotesque-Light.otf in Resources */ = {isa = PBXBuildFile; fileRef = 815222EE20846AFD00FFEF57 /* BrandonGrotesque-Light.otf */; };
		815222F920846AFE00FFEF57 /* BrandonGrotesque-Light.ttf in Resources */ = {isa = PBXBuildFile; fileRef = 815222EF20846AFD00FFEF57 /* BrandonGrotesque-Light.ttf */; };
		815222FA20846AFE00FFEF57 /* BrandonGrotesque-Regular.ttf in Resources */ = {isa = PBXBuildFile; fileRef = 815222F020846AFD00FFEF57 /* BrandonGrotesque-Regular.ttf */; };
		815222FB20846AFE00FFEF57 /* BrandonGrotesque-RegularItalic.ttf in Resources */ = {isa = PBXBuildFile; fileRef = 815222F120846AFD00FFEF57 /* BrandonGrotesque-RegularItalic.ttf */; };
		815222FC20846AFE00FFEF57 /* BrandonGrotesque-Bold.ttf in Resources */ = {isa = PBXBuildFile; fileRef = 815222F220846AFD00FFEF57 /* BrandonGrotesque-Bold.ttf */; };
		815222FD20846AFE00FFEF57 /* BrandonGrotesque-Medium.ttf in Resources */ = {isa = PBXBuildFile; fileRef = 815222F320846AFE00FFEF57 /* BrandonGrotesque-Medium.ttf */; };
		815222FE20846AFE00FFEF57 /* BrandonGrotesque-RegularItalic.otf in Resources */ = {isa = PBXBuildFile; fileRef = 815222F420846AFE00FFEF57 /* BrandonGrotesque-RegularItalic.otf */; };
		815222FF20846AFE00FFEF57 /* BrandonGrotesque-Regular.otf in Resources */ = {isa = PBXBuildFile; fileRef = 815222F520846AFE00FFEF57 /* BrandonGrotesque-Regular.otf */; };
		8152232B2084AFC900FFEF57 /* HomeViewController.swift in Sources */ = {isa = PBXBuildFile; fileRef = 8152232A2084AFC900FFEF57 /* HomeViewController.swift */; };
		8152232E2084B47400FFEF57 /* UIView.swift in Sources */ = {isa = PBXBuildFile; fileRef = 8152232D2084B47400FFEF57 /* UIView.swift */; };
		815223302084BE0300FFEF57 /* AdventureSelectionViewController.swift in Sources */ = {isa = PBXBuildFile; fileRef = 8152232F2084BE0300FFEF57 /* AdventureSelectionViewController.swift */; };
		815223322084BEC800FFEF57 /* GeneralViewController.swift in Sources */ = {isa = PBXBuildFile; fileRef = 815223312084BEC800FFEF57 /* GeneralViewController.swift */; };
		81D532552084EB3100938C89 /* SignedOutTeacherViewController.swift in Sources */ = {isa = PBXBuildFile; fileRef = 81D532542084EB3100938C89 /* SignedOutTeacherViewController.swift */; };
		81D532572084EBCF00938C89 /* SignedOutStudentViewController.swift in Sources */ = {isa = PBXBuildFile; fileRef = 81D532562084EBCF00938C89 /* SignedOutStudentViewController.swift */; };
		81D532592084F7E800938C89 /* TeacherSignInViewController.swift in Sources */ = {isa = PBXBuildFile; fileRef = 81D532582084F7E800938C89 /* TeacherSignInViewController.swift */; };
/* End PBXBuildFile section */

/* Begin PBXFileReference section */
		8119C901208602D200FA4187 /* BoysFromBarambha.storyboard */ = {isa = PBXFileReference; lastKnownFileType = file.storyboard; path = BoysFromBarambha.storyboard; sourceTree = "<group>"; };
		8119C90320860EC200FA4187 /* BoysFromBaramhaLoadingViewController.swift */ = {isa = PBXFileReference; lastKnownFileType = sourcecode.swift; path = BoysFromBaramhaLoadingViewController.swift; sourceTree = "<group>"; };
		8119C9062086164800FA4187 /* VE_01b_4_x3_2048x1536.mp4 */ = {isa = PBXFileReference; lastKnownFileType = file; path = VE_01b_4_x3_2048x1536.mp4; sourceTree = "<group>"; };
		8119C9072086164A00FA4187 /* VE_011g_4x3_2048x1536.mp4 */ = {isa = PBXFileReference; lastKnownFileType = file; path = VE_011g_4x3_2048x1536.mp4; sourceTree = "<group>"; };
		8119C9082086164A00FA4187 /* VE_010j_4x3_2048x1536.mp4 */ = {isa = PBXFileReference; lastKnownFileType = file; path = VE_010j_4x3_2048x1536.mp4; sourceTree = "<group>"; };
		8119C9092086164B00FA4187 /* VE_04b_4x3_2048x1536.mp4 */ = {isa = PBXFileReference; lastKnownFileType = file; path = VE_04b_4x3_2048x1536.mp4; sourceTree = "<group>"; };
		8119C90A2086164B00FA4187 /* VE_011b_4x3_2048x1536.mp4 */ = {isa = PBXFileReference; lastKnownFileType = file; path = VE_011b_4x3_2048x1536.mp4; sourceTree = "<group>"; };
		8119C90B2086164C00FA4187 /* VE_015b_4x3_2048x1536.mp4 */ = {isa = PBXFileReference; lastKnownFileType = file; path = VE_015b_4x3_2048x1536.mp4; sourceTree = "<group>"; };
		8119C90C2086164D00FA4187 /* VE_017aa_4x3_2048x1536.mp4 */ = {isa = PBXFileReference; lastKnownFileType = file; path = VE_017aa_4x3_2048x1536.mp4; sourceTree = "<group>"; };
		8119C90D2086164E00FA4187 /* VE_06f_4x3_2048x1536.mp4 */ = {isa = PBXFileReference; lastKnownFileType = file; path = VE_06f_4x3_2048x1536.mp4; sourceTree = "<group>"; };
		8119C90E2086164E00FA4187 /* VE_010n_4x3_2048x1536.mp4 */ = {isa = PBXFileReference; lastKnownFileType = file; path = VE_010n_4x3_2048x1536.mp4; sourceTree = "<group>"; };
		8119C90F2086164F00FA4187 /* VE_07b_4x3_2048x1536.mp4 */ = {isa = PBXFileReference; lastKnownFileType = file; path = VE_07b_4x3_2048x1536.mp4; sourceTree = "<group>"; };
		8119C9102086165100FA4187 /* VE_05b_Lillian_video_clip.mp4 */ = {isa = PBXFileReference; lastKnownFileType = file; path = VE_05b_Lillian_video_clip.mp4; sourceTree = "<group>"; };
		8119C9112086165200FA4187 /* VE_013b_4x3_2048x1536.mp4 */ = {isa = PBXFileReference; lastKnownFileType = file; path = VE_013b_4x3_2048x1536.mp4; sourceTree = "<group>"; };
		8119C9122086165400FA4187 /* VE_03h_4x3_2048x1536.mp4 */ = {isa = PBXFileReference; lastKnownFileType = file; path = VE_03h_4x3_2048x1536.mp4; sourceTree = "<group>"; };
		8119C9132086165500FA4187 /* VE_010d_4x3_2048x1536.mp4 */ = {isa = PBXFileReference; lastKnownFileType = file; path = VE_010d_4x3_2048x1536.mp4; sourceTree = "<group>"; };
		8119C9142086165600FA4187 /* VE_019aa_4x3_2048x1536.mp4 */ = {isa = PBXFileReference; lastKnownFileType = file; path = VE_019aa_4x3_2048x1536.mp4; sourceTree = "<group>"; };
		8119C9152086165700FA4187 /* VE_04g_4x3_2048x1536.mp4 */ = {isa = PBXFileReference; lastKnownFileType = file; path = VE_04g_4x3_2048x1536.mp4; sourceTree = "<group>"; };
		8119C9162086165800FA4187 /* VE_08b_4x3_2048x1536.mp4 */ = {isa = PBXFileReference; lastKnownFileType = file; path = VE_08b_4x3_2048x1536.mp4; sourceTree = "<group>"; };
		8119C9172086165900FA4187 /* VE_02a_4x3_2048x1536.mp4 */ = {isa = PBXFileReference; lastKnownFileType = file; path = VE_02a_4x3_2048x1536.mp4; sourceTree = "<group>"; };
		8119C9182086165A00FA4187 /* VE_09b_4x3_2048x1536.mp4 */ = {isa = PBXFileReference; lastKnownFileType = file; path = VE_09b_4x3_2048x1536.mp4; sourceTree = "<group>"; };
		8119C9192086165B00FA4187 /* VE_010b_4x3_2048x1536.mp4 */ = {isa = PBXFileReference; lastKnownFileType = file; path = VE_010b_4x3_2048x1536.mp4; sourceTree = "<group>"; };
		8119C91A2086165E00FA4187 /* VE_06b_4x3_2048x1536.mp4 */ = {isa = PBXFileReference; lastKnownFileType = file; path = VE_06b_4x3_2048x1536.mp4; sourceTree = "<group>"; };
		8119C91B2086166000FA4187 /* VE_016b_4x3_2048x1536.mp4 */ = {isa = PBXFileReference; lastKnownFileType = file; path = VE_016b_4x3_2048x1536.mp4; sourceTree = "<group>"; };
		8119C91C2086166100FA4187 /* VE_08e_Sandra_clip.mp4 */ = {isa = PBXFileReference; lastKnownFileType = file; path = VE_08e_Sandra_clip.mp4; sourceTree = "<group>"; };
		8119C91D2086166200FA4187 /* VE_016d_4x3_2048x1536.mp4 */ = {isa = PBXFileReference; lastKnownFileType = file; path = VE_016d_4x3_2048x1536.mp4; sourceTree = "<group>"; };
		8119C93620861FF600FA4187 /* UIFont+Additions.swift */ = {isa = PBXFileReference; fileEncoding = 4; lastKnownFileType = sourcecode.swift; path = "UIFont+Additions.swift"; sourceTree = "<group>"; };
		8119C93720861FF600FA4187 /* UIColor+Additions.swift */ = {isa = PBXFileReference; fileEncoding = 4; lastKnownFileType = sourcecode.swift; path = "UIColor+Additions.swift"; sourceTree = "<group>"; };
		815222D52084666900FFEF57 /* dillyBagApp.app */ = {isa = PBXFileReference; explicitFileType = wrapper.application; includeInIndex = 0; path = dillyBagApp.app; sourceTree = BUILT_PRODUCTS_DIR; };
		815222D82084666900FFEF57 /* AppDelegate.swift */ = {isa = PBXFileReference; lastKnownFileType = sourcecode.swift; path = AppDelegate.swift; sourceTree = "<group>"; };
		815222DA2084666900FFEF57 /* ViewController.swift */ = {isa = PBXFileReference; lastKnownFileType = sourcecode.swift; path = ViewController.swift; sourceTree = "<group>"; };
		815222DD2084666900FFEF57 /* Base */ = {isa = PBXFileReference; lastKnownFileType = file.storyboard; name = Base; path = Base.lproj/Main.storyboard; sourceTree = "<group>"; };
		815222DF2084666A00FFEF57 /* Assets.xcassets */ = {isa = PBXFileReference; lastKnownFileType = folder.assetcatalog; path = Assets.xcassets; sourceTree = "<group>"; };
		815222E22084666B00FFEF57 /* Base */ = {isa = PBXFileReference; lastKnownFileType = file.storyboard; name = Base; path = Base.lproj/LaunchScreen.storyboard; sourceTree = "<group>"; };
		815222E42084666B00FFEF57 /* Info.plist */ = {isa = PBXFileReference; lastKnownFileType = text.plist.xml; path = Info.plist; sourceTree = "<group>"; };
		815222EC20846AFC00FFEF57 /* BrandonGrotesque-Bold.otf */ = {isa = PBXFileReference; lastKnownFileType = file; path = "BrandonGrotesque-Bold.otf"; sourceTree = "<group>"; };
		815222ED20846AFC00FFEF57 /* BrandonGrotesque-Medium.otf */ = {isa = PBXFileReference; lastKnownFileType = file; path = "BrandonGrotesque-Medium.otf"; sourceTree = "<group>"; };
		815222EE20846AFD00FFEF57 /* BrandonGrotesque-Light.otf */ = {isa = PBXFileReference; lastKnownFileType = file; path = "BrandonGrotesque-Light.otf"; sourceTree = "<group>"; };
		815222EF20846AFD00FFEF57 /* BrandonGrotesque-Light.ttf */ = {isa = PBXFileReference; lastKnownFileType = file; path = "BrandonGrotesque-Light.ttf"; sourceTree = "<group>"; };
		815222F020846AFD00FFEF57 /* BrandonGrotesque-Regular.ttf */ = {isa = PBXFileReference; lastKnownFileType = file; path = "BrandonGrotesque-Regular.ttf"; sourceTree = "<group>"; };
		815222F120846AFD00FFEF57 /* BrandonGrotesque-RegularItalic.ttf */ = {isa = PBXFileReference; lastKnownFileType = file; path = "BrandonGrotesque-RegularItalic.ttf"; sourceTree = "<group>"; };
		815222F220846AFD00FFEF57 /* BrandonGrotesque-Bold.ttf */ = {isa = PBXFileReference; lastKnownFileType = file; path = "BrandonGrotesque-Bold.ttf"; sourceTree = "<group>"; };
		815222F320846AFE00FFEF57 /* BrandonGrotesque-Medium.ttf */ = {isa = PBXFileReference; lastKnownFileType = file; path = "BrandonGrotesque-Medium.ttf"; sourceTree = "<group>"; };
		815222F420846AFE00FFEF57 /* BrandonGrotesque-RegularItalic.otf */ = {isa = PBXFileReference; lastKnownFileType = file; path = "BrandonGrotesque-RegularItalic.otf"; sourceTree = "<group>"; };
		815222F520846AFE00FFEF57 /* BrandonGrotesque-Regular.otf */ = {isa = PBXFileReference; lastKnownFileType = file; path = "BrandonGrotesque-Regular.otf"; sourceTree = "<group>"; };
		8152232A2084AFC900FFEF57 /* HomeViewController.swift */ = {isa = PBXFileReference; lastKnownFileType = sourcecode.swift; path = HomeViewController.swift; sourceTree = "<group>"; };
		8152232D2084B47400FFEF57 /* UIView.swift */ = {isa = PBXFileReference; lastKnownFileType = sourcecode.swift; path = UIView.swift; sourceTree = "<group>"; };
		8152232F2084BE0300FFEF57 /* AdventureSelectionViewController.swift */ = {isa = PBXFileReference; lastKnownFileType = sourcecode.swift; path = AdventureSelectionViewController.swift; sourceTree = "<group>"; };
		815223312084BEC800FFEF57 /* GeneralViewController.swift */ = {isa = PBXFileReference; lastKnownFileType = sourcecode.swift; path = GeneralViewController.swift; sourceTree = "<group>"; };
		81D532542084EB3100938C89 /* SignedOutTeacherViewController.swift */ = {isa = PBXFileReference; lastKnownFileType = sourcecode.swift; path = SignedOutTeacherViewController.swift; sourceTree = "<group>"; };
		81D532562084EBCF00938C89 /* SignedOutStudentViewController.swift */ = {isa = PBXFileReference; lastKnownFileType = sourcecode.swift; path = SignedOutStudentViewController.swift; sourceTree = "<group>"; };
		81D532582084F7E800938C89 /* TeacherSignInViewController.swift */ = {isa = PBXFileReference; lastKnownFileType = sourcecode.swift; path = TeacherSignInViewController.swift; sourceTree = "<group>"; };
/* End PBXFileReference section */

/* Begin PBXFrameworksBuildPhase section */
		815222D22084666900FFEF57 /* Frameworks */ = {
			isa = PBXFrameworksBuildPhase;
			buildActionMask = 2147483647;
			files = (
			);
			runOnlyForDeploymentPostprocessing = 0;
		};
/* End PBXFrameworksBuildPhase section */

/* Begin PBXGroup section */
		8119C8FE2086011900FA4187 /* Boys From Barambha Exibition Adventure.  */ = {
			isa = PBXGroup;
			children = (
				8119C901208602D200FA4187 /* BoysFromBarambha.storyboard */,
				8119C90320860EC200FA4187 /* BoysFromBaramhaLoadingViewController.swift */,
			);
			path = "Boys From Barambha Exibition Adventure. ";
			sourceTree = "<group>";
		};
		8119C9052086160600FA4187 /* VideoResources */ = {
			isa = PBXGroup;
			children = (
				8119C9062086164800FA4187 /* VE_01b_4_x3_2048x1536.mp4 */,
				8119C9172086165900FA4187 /* VE_02a_4x3_2048x1536.mp4 */,
				8119C9122086165400FA4187 /* VE_03h_4x3_2048x1536.mp4 */,
				8119C9092086164B00FA4187 /* VE_04b_4x3_2048x1536.mp4 */,
				8119C9152086165700FA4187 /* VE_04g_4x3_2048x1536.mp4 */,
				8119C9102086165100FA4187 /* VE_05b_Lillian_video_clip.mp4 */,
				8119C91A2086165E00FA4187 /* VE_06b_4x3_2048x1536.mp4 */,
				8119C90D2086164E00FA4187 /* VE_06f_4x3_2048x1536.mp4 */,
				8119C90F2086164F00FA4187 /* VE_07b_4x3_2048x1536.mp4 */,
				8119C9162086165800FA4187 /* VE_08b_4x3_2048x1536.mp4 */,
				8119C91C2086166100FA4187 /* VE_08e_Sandra_clip.mp4 */,
				8119C9182086165A00FA4187 /* VE_09b_4x3_2048x1536.mp4 */,
				8119C9192086165B00FA4187 /* VE_010b_4x3_2048x1536.mp4 */,
				8119C9132086165500FA4187 /* VE_010d_4x3_2048x1536.mp4 */,
				8119C9082086164A00FA4187 /* VE_010j_4x3_2048x1536.mp4 */,
				8119C90E2086164E00FA4187 /* VE_010n_4x3_2048x1536.mp4 */,
				8119C90A2086164B00FA4187 /* VE_011b_4x3_2048x1536.mp4 */,
				8119C9072086164A00FA4187 /* VE_011g_4x3_2048x1536.mp4 */,
				8119C9112086165200FA4187 /* VE_013b_4x3_2048x1536.mp4 */,
				8119C90B2086164C00FA4187 /* VE_015b_4x3_2048x1536.mp4 */,
				8119C91B2086166000FA4187 /* VE_016b_4x3_2048x1536.mp4 */,
				8119C91D2086166200FA4187 /* VE_016d_4x3_2048x1536.mp4 */,
				8119C90C2086164D00FA4187 /* VE_017aa_4x3_2048x1536.mp4 */,
				8119C9142086165600FA4187 /* VE_019aa_4x3_2048x1536.mp4 */,
			);
			path = VideoResources;
			sourceTree = "<group>";
		};
		815222CC2084666900FFEF57 = {
			isa = PBXGroup;
			children = (
				815222D72084666900FFEF57 /* dillyBagApp */,
				815222D62084666900FFEF57 /* Products */,
			);
			sourceTree = "<group>";
		};
		815222D62084666900FFEF57 /* Products */ = {
			isa = PBXGroup;
			children = (
				815222D52084666900FFEF57 /* dillyBagApp.app */,
			);
			name = Products;
			sourceTree = "<group>";
		};
		815222D72084666900FFEF57 /* dillyBagApp */ = {
			isa = PBXGroup;
			children = (
				8119C8FE2086011900FA4187 /* Boys From Barambha Exibition Adventure.  */,
				8152232C2084B44F00FFEF57 /* UtilityClasses */,
				815223292084AFA700FFEF57 /* Setup */,
				815222EA20846AE400FFEF57 /* Resources */,
				815222D82084666900FFEF57 /* AppDelegate.swift */,
				815222DA2084666900FFEF57 /* ViewController.swift */,
				815222DC2084666900FFEF57 /* Main.storyboard */,
				815222DF2084666A00FFEF57 /* Assets.xcassets */,
				815222E12084666B00FFEF57 /* LaunchScreen.storyboard */,
				815222E42084666B00FFEF57 /* Info.plist */,
			);
			path = dillyBagApp;
			sourceTree = "<group>";
		};
		815222EA20846AE400FFEF57 /* Resources */ = {
			isa = PBXGroup;
			children = (
				8119C9052086160600FA4187 /* VideoResources */,
				815222EB20846AF100FFEF57 /* Fonts */,
			);
			path = Resources;
			sourceTree = "<group>";
		};
		815222EB20846AF100FFEF57 /* Fonts */ = {
			isa = PBXGroup;
			children = (
				815222EC20846AFC00FFEF57 /* BrandonGrotesque-Bold.otf */,
				815222F220846AFD00FFEF57 /* BrandonGrotesque-Bold.ttf */,
				815222EE20846AFD00FFEF57 /* BrandonGrotesque-Light.otf */,
				815222EF20846AFD00FFEF57 /* BrandonGrotesque-Light.ttf */,
				815222ED20846AFC00FFEF57 /* BrandonGrotesque-Medium.otf */,
				815222F320846AFE00FFEF57 /* BrandonGrotesque-Medium.ttf */,
				815222F520846AFE00FFEF57 /* BrandonGrotesque-Regular.otf */,
				815222F020846AFD00FFEF57 /* BrandonGrotesque-Regular.ttf */,
				815222F420846AFE00FFEF57 /* BrandonGrotesque-RegularItalic.otf */,
				815222F120846AFD00FFEF57 /* BrandonGrotesque-RegularItalic.ttf */,
			);
			path = Fonts;
			sourceTree = "<group>";
		};
		815223292084AFA700FFEF57 /* Setup */ = {
			isa = PBXGroup;
			children = (
				8152232A2084AFC900FFEF57 /* HomeViewController.swift */,
				8152232F2084BE0300FFEF57 /* AdventureSelectionViewController.swift */,
				81D532542084EB3100938C89 /* SignedOutTeacherViewController.swift */,
				81D532562084EBCF00938C89 /* SignedOutStudentViewController.swift */,
				81D532582084F7E800938C89 /* TeacherSignInViewController.swift */,
			);
			path = Setup;
			sourceTree = "<group>";
		};
		8152232C2084B44F00FFEF57 /* UtilityClasses */ = {
			isa = PBXGroup;
			children = (
				8119C93720861FF600FA4187 /* UIColor+Additions.swift */,
				8119C93620861FF600FA4187 /* UIFont+Additions.swift */,
				8152232D2084B47400FFEF57 /* UIView.swift */,
				815223312084BEC800FFEF57 /* GeneralViewController.swift */,
			);
			path = UtilityClasses;
			sourceTree = "<group>";
		};
/* End PBXGroup section */

/* Begin PBXNativeTarget section */
		815222D42084666900FFEF57 /* dillyBagApp */ = {
			isa = PBXNativeTarget;
			buildConfigurationList = 815222E72084666B00FFEF57 /* Build configuration list for PBXNativeTarget "dillyBagApp" */;
			buildPhases = (
				815222D12084666900FFEF57 /* Sources */,
				815222D22084666900FFEF57 /* Frameworks */,
				815222D32084666900FFEF57 /* Resources */,
			);
			buildRules = (
			);
			dependencies = (
			);
			name = dillyBagApp;
			productName = dillyBagApp;
			productReference = 815222D52084666900FFEF57 /* dillyBagApp.app */;
			productType = "com.apple.product-type.application";
		};
/* End PBXNativeTarget section */

/* Begin PBXProject section */
		815222CD2084666900FFEF57 /* Project object */ = {
			isa = PBXProject;
			attributes = {
				LastSwiftUpdateCheck = 0930;
				LastUpgradeCheck = 0930;
				ORGANIZATIONNAME = markandaiya;
				TargetAttributes = {
					815222D42084666900FFEF57 = {
						CreatedOnToolsVersion = 9.3;
					};
				};
			};
			buildConfigurationList = 815222D02084666900FFEF57 /* Build configuration list for PBXProject "dillyBagApp" */;
			compatibilityVersion = "Xcode 9.3";
			developmentRegion = en;
			hasScannedForEncodings = 0;
			knownRegions = (
				en,
				Base,
			);
			mainGroup = 815222CC2084666900FFEF57;
			productRefGroup = 815222D62084666900FFEF57 /* Products */;
			projectDirPath = "";
			projectRoot = "";
			targets = (
				815222D42084666900FFEF57 /* dillyBagApp */,
			);
		};
/* End PBXProject section */

/* Begin PBXResourcesBuildPhase section */
		815222D32084666900FFEF57 /* Resources */ = {
			isa = PBXResourcesBuildPhase;
			buildActionMask = 2147483647;
			files = (
				8119C9282086166200FA4187 /* VE_05b_Lillian_video_clip.mp4 in Resources */,
				8119C9342086166200FA4187 /* VE_08e_Sandra_clip.mp4 in Resources */,
				8119C9322086166200FA4187 /* VE_06b_4x3_2048x1536.mp4 in Resources */,
				8119C9222086166200FA4187 /* VE_011b_4x3_2048x1536.mp4 in Resources */,
				8119C92C2086166200FA4187 /* VE_019aa_4x3_2048x1536.mp4 in Resources */,
				8119C92A2086166200FA4187 /* VE_03h_4x3_2048x1536.mp4 in Resources */,
				815222FF20846AFE00FFEF57 /* BrandonGrotesque-Regular.otf in Resources */,
				8119C9312086166200FA4187 /* VE_010b_4x3_2048x1536.mp4 in Resources */,
				8119C91E2086166200FA4187 /* VE_01b_4_x3_2048x1536.mp4 in Resources */,
				8119C92F2086166200FA4187 /* VE_02a_4x3_2048x1536.mp4 in Resources */,
				8119C92B2086166200FA4187 /* VE_010d_4x3_2048x1536.mp4 in Resources */,
				815222E32084666B00FFEF57 /* LaunchScreen.storyboard in Resources */,
				8119C9212086166200FA4187 /* VE_04b_4x3_2048x1536.mp4 in Resources */,
				815222FB20846AFE00FFEF57 /* BrandonGrotesque-RegularItalic.ttf in Resources */,
				815222F920846AFE00FFEF57 /* BrandonGrotesque-Light.ttf in Resources */,
				8119C9302086166200FA4187 /* VE_09b_4x3_2048x1536.mp4 in Resources */,
				8119C9252086166200FA4187 /* VE_06f_4x3_2048x1536.mp4 in Resources */,
				815222FA20846AFE00FFEF57 /* BrandonGrotesque-Regular.ttf in Resources */,
				8119C9262086166200FA4187 /* VE_010n_4x3_2048x1536.mp4 in Resources */,
				8119C9352086166200FA4187 /* VE_016d_4x3_2048x1536.mp4 in Resources */,
				8119C9232086166200FA4187 /* VE_015b_4x3_2048x1536.mp4 in Resources */,
				8119C902208602D200FA4187 /* BoysFromBarambha.storyboard in Resources */,
				8119C9202086166200FA4187 /* VE_010j_4x3_2048x1536.mp4 in Resources */,
				815222FD20846AFE00FFEF57 /* BrandonGrotesque-Medium.ttf in Resources */,
				815222FC20846AFE00FFEF57 /* BrandonGrotesque-Bold.ttf in Resources */,
				815222F820846AFE00FFEF57 /* BrandonGrotesque-Light.otf in Resources */,
				815222F620846AFE00FFEF57 /* BrandonGrotesque-Bold.otf in Resources */,
				815222E02084666A00FFEF57 /* Assets.xcassets in Resources */,
				8119C92E2086166200FA4187 /* VE_08b_4x3_2048x1536.mp4 in Resources */,
				815222FE20846AFE00FFEF57 /* BrandonGrotesque-RegularItalic.otf in Resources */,
				8119C91F2086166200FA4187 /* VE_011g_4x3_2048x1536.mp4 in Resources */,
				8119C9272086166200FA4187 /* VE_07b_4x3_2048x1536.mp4 in Resources */,
				8119C9242086166200FA4187 /* VE_017aa_4x3_2048x1536.mp4 in Resources */,
				815222F720846AFE00FFEF57 /* BrandonGrotesque-Medium.otf in Resources */,
				8119C9292086166200FA4187 /* VE_013b_4x3_2048x1536.mp4 in Resources */,
				8119C9332086166200FA4187 /* VE_016b_4x3_2048x1536.mp4 in Resources */,
				8119C92D2086166200FA4187 /* VE_04g_4x3_2048x1536.mp4 in Resources */,
				815222DE2084666900FFEF57 /* Main.storyboard in Resources */,
			);
			runOnlyForDeploymentPostprocessing = 0;
		};
/* End PBXResourcesBuildPhase section */

/* Begin PBXSourcesBuildPhase section */
		815222D12084666900FFEF57 /* Sources */ = {
			isa = PBXSourcesBuildPhase;
			buildActionMask = 2147483647;
			files = (
				8152232E2084B47400FFEF57 /* UIView.swift in Sources */,
				8119C90420860EC200FA4187 /* BoysFromBaramhaLoadingViewController.swift in Sources */,
				815222DB2084666900FFEF57 /* ViewController.swift in Sources */,
				815223302084BE0300FFEF57 /* AdventureSelectionViewController.swift in Sources */,
				81D532592084F7E800938C89 /* TeacherSignInViewController.swift in Sources */,
				8119C93920861FF600FA4187 /* UIColor+Additions.swift in Sources */,
				81D532552084EB3100938C89 /* SignedOutTeacherViewController.swift in Sources */,
				815223322084BEC800FFEF57 /* GeneralViewController.swift in Sources */,
				815222D92084666900FFEF57 /* AppDelegate.swift in Sources */,
				8119C93820861FF600FA4187 /* UIFont+Additions.swift in Sources */,
				8152232B2084AFC900FFEF57 /* HomeViewController.swift in Sources */,
				81D532572084EBCF00938C89 /* SignedOutStudentViewController.swift in Sources */,
			);
			runOnlyForDeploymentPostprocessing = 0;
		};
/* End PBXSourcesBuildPhase section */

/* Begin PBXVariantGroup section */
		815222DC2084666900FFEF57 /* Main.storyboard */ = {
			isa = PBXVariantGroup;
			children = (
				815222DD2084666900FFEF57 /* Base */,
			);
			name = Main.storyboard;
			sourceTree = "<group>";
		};
		815222E12084666B00FFEF57 /* LaunchScreen.storyboard */ = {
			isa = PBXVariantGroup;
			children = (
				815222E22084666B00FFEF57 /* Base */,
			);
			name = LaunchScreen.storyboard;
			sourceTree = "<group>";
		};
/* End PBXVariantGroup section */

/* Begin XCBuildConfiguration section */
		815222E52084666B00FFEF57 /* Debug */ = {
			isa = XCBuildConfiguration;
			buildSettings = {
				ALWAYS_SEARCH_USER_PATHS = NO;
				CLANG_ANALYZER_NONNULL = YES;
				CLANG_ANALYZER_NUMBER_OBJECT_CONVERSION = YES_AGGRESSIVE;
				CLANG_CXX_LANGUAGE_STANDARD = "gnu++14";
				CLANG_CXX_LIBRARY = "libc++";
				CLANG_ENABLE_MODULES = YES;
				CLANG_ENABLE_OBJC_ARC = YES;
				CLANG_ENABLE_OBJC_WEAK = YES;
				CLANG_WARN_BLOCK_CAPTURE_AUTORELEASING = YES;
				CLANG_WARN_BOOL_CONVERSION = YES;
				CLANG_WARN_COMMA = YES;
				CLANG_WARN_CONSTANT_CONVERSION = YES;
				CLANG_WARN_DEPRECATED_OBJC_IMPLEMENTATIONS = YES;
				CLANG_WARN_DIRECT_OBJC_ISA_USAGE = YES_ERROR;
				CLANG_WARN_DOCUMENTATION_COMMENTS = YES;
				CLANG_WARN_EMPTY_BODY = YES;
				CLANG_WARN_ENUM_CONVERSION = YES;
				CLANG_WARN_INFINITE_RECURSION = YES;
				CLANG_WARN_INT_CONVERSION = YES;
				CLANG_WARN_NON_LITERAL_NULL_CONVERSION = YES;
				CLANG_WARN_OBJC_IMPLICIT_RETAIN_SELF = YES;
				CLANG_WARN_OBJC_LITERAL_CONVERSION = YES;
				CLANG_WARN_OBJC_ROOT_CLASS = YES_ERROR;
				CLANG_WARN_RANGE_LOOP_ANALYSIS = YES;
				CLANG_WARN_STRICT_PROTOTYPES = YES;
				CLANG_WARN_SUSPICIOUS_MOVE = YES;
				CLANG_WARN_UNGUARDED_AVAILABILITY = YES_AGGRESSIVE;
				CLANG_WARN_UNREACHABLE_CODE = YES;
				CLANG_WARN__DUPLICATE_METHOD_MATCH = YES;
				CODE_SIGN_IDENTITY = "iPhone Developer";
				COPY_PHASE_STRIP = NO;
				DEBUG_INFORMATION_FORMAT = dwarf;
				ENABLE_STRICT_OBJC_MSGSEND = YES;
				ENABLE_TESTABILITY = YES;
				GCC_C_LANGUAGE_STANDARD = gnu11;
				GCC_DYNAMIC_NO_PIC = NO;
				GCC_NO_COMMON_BLOCKS = YES;
				GCC_OPTIMIZATION_LEVEL = 0;
				GCC_PREPROCESSOR_DEFINITIONS = (
					"DEBUG=1",
					"$(inherited)",
				);
				GCC_WARN_64_TO_32_BIT_CONVERSION = YES;
				GCC_WARN_ABOUT_RETURN_TYPE = YES_ERROR;
				GCC_WARN_UNDECLARED_SELECTOR = YES;
				GCC_WARN_UNINITIALIZED_AUTOS = YES_AGGRESSIVE;
				GCC_WARN_UNUSED_FUNCTION = YES;
				GCC_WARN_UNUSED_VARIABLE = YES;
				IPHONEOS_DEPLOYMENT_TARGET = 11.3;
				MTL_ENABLE_DEBUG_INFO = YES;
				ONLY_ACTIVE_ARCH = YES;
				SDKROOT = iphoneos;
				SWIFT_ACTIVE_COMPILATION_CONDITIONS = DEBUG;
				SWIFT_OPTIMIZATION_LEVEL = "-Onone";
			};
			name = Debug;
		};
		815222E62084666B00FFEF57 /* Release */ = {
			isa = XCBuildConfiguration;
			buildSettings = {
				ALWAYS_SEARCH_USER_PATHS = NO;
				CLANG_ANALYZER_NONNULL = YES;
				CLANG_ANALYZER_NUMBER_OBJECT_CONVERSION = YES_AGGRESSIVE;
				CLANG_CXX_LANGUAGE_STANDARD = "gnu++14";
				CLANG_CXX_LIBRARY = "libc++";
				CLANG_ENABLE_MODULES = YES;
				CLANG_ENABLE_OBJC_ARC = YES;
				CLANG_ENABLE_OBJC_WEAK = YES;
				CLANG_WARN_BLOCK_CAPTURE_AUTORELEASING = YES;
				CLANG_WARN_BOOL_CONVERSION = YES;
				CLANG_WARN_COMMA = YES;
				CLANG_WARN_CONSTANT_CONVERSION = YES;
				CLANG_WARN_DEPRECATED_OBJC_IMPLEMENTATIONS = YES;
				CLANG_WARN_DIRECT_OBJC_ISA_USAGE = YES_ERROR;
				CLANG_WARN_DOCUMENTATION_COMMENTS = YES;
				CLANG_WARN_EMPTY_BODY = YES;
				CLANG_WARN_ENUM_CONVERSION = YES;
				CLANG_WARN_INFINITE_RECURSION = YES;
				CLANG_WARN_INT_CONVERSION = YES;
				CLANG_WARN_NON_LITERAL_NULL_CONVERSION = YES;
				CLANG_WARN_OBJC_IMPLICIT_RETAIN_SELF = YES;
				CLANG_WARN_OBJC_LITERAL_CONVERSION = YES;
				CLANG_WARN_OBJC_ROOT_CLASS = YES_ERROR;
				CLANG_WARN_RANGE_LOOP_ANALYSIS = YES;
				CLANG_WARN_STRICT_PROTOTYPES = YES;
				CLANG_WARN_SUSPICIOUS_MOVE = YES;
				CLANG_WARN_UNGUARDED_AVAILABILITY = YES_AGGRESSIVE;
				CLANG_WARN_UNREACHABLE_CODE = YES;
				CLANG_WARN__DUPLICATE_METHOD_MATCH = YES;
				CODE_SIGN_IDENTITY = "iPhone Developer";
				COPY_PHASE_STRIP = NO;
				DEBUG_INFORMATION_FORMAT = "dwarf-with-dsym";
				ENABLE_NS_ASSERTIONS = NO;
				ENABLE_STRICT_OBJC_MSGSEND = YES;
				GCC_C_LANGUAGE_STANDARD = gnu11;
				GCC_NO_COMMON_BLOCKS = YES;
				GCC_WARN_64_TO_32_BIT_CONVERSION = YES;
				GCC_WARN_ABOUT_RETURN_TYPE = YES_ERROR;
				GCC_WARN_UNDECLARED_SELECTOR = YES;
				GCC_WARN_UNINITIALIZED_AUTOS = YES_AGGRESSIVE;
				GCC_WARN_UNUSED_FUNCTION = YES;
				GCC_WARN_UNUSED_VARIABLE = YES;
				IPHONEOS_DEPLOYMENT_TARGET = 11.3;
				MTL_ENABLE_DEBUG_INFO = NO;
				SDKROOT = iphoneos;
				SWIFT_COMPILATION_MODE = wholemodule;
				SWIFT_OPTIMIZATION_LEVEL = "-O";
				VALIDATE_PRODUCT = YES;
			};
			name = Release;
		};
		815222E82084666B00FFEF57 /* Debug */ = {
			isa = XCBuildConfiguration;
			buildSettings = {
				ASSETCATALOG_COMPILER_APPICON_NAME = AppIcon;
				CODE_SIGN_STYLE = Automatic;
				DEVELOPMENT_TEAM = 3P28X54BR3;
				INFOPLIST_FILE = dillyBagApp/Info.plist;
				LD_RUNPATH_SEARCH_PATHS = (
					"$(inherited)",
					"@executable_path/Frameworks",
				);
				PRODUCT_BUNDLE_IDENTIFIER = com.falconet.dillyBagApp;
				PRODUCT_NAME = "$(TARGET_NAME)";
				SWIFT_VERSION = 4.0;
				TARGETED_DEVICE_FAMILY = "1,2";
			};
			name = Debug;
		};
		815222E92084666B00FFEF57 /* Release */ = {
			isa = XCBuildConfiguration;
			buildSettings = {
				ASSETCATALOG_COMPILER_APPICON_NAME = AppIcon;
				CODE_SIGN_STYLE = Automatic;
				DEVELOPMENT_TEAM = 3P28X54BR3;
				INFOPLIST_FILE = dillyBagApp/Info.plist;
				LD_RUNPATH_SEARCH_PATHS = (
					"$(inherited)",
					"@executable_path/Frameworks",
				);
				PRODUCT_BUNDLE_IDENTIFIER = com.falconet.dillyBagApp;
				PRODUCT_NAME = "$(TARGET_NAME)";
				SWIFT_VERSION = 4.0;
				TARGETED_DEVICE_FAMILY = "1,2";
			};
			name = Release;
		};
/* End XCBuildConfiguration section */

/* Begin XCConfigurationList section */
		815222D02084666900FFEF57 /* Build configuration list for PBXProject "dillyBagApp" */ = {
			isa = XCConfigurationList;
			buildConfigurations = (
				815222E52084666B00FFEF57 /* Debug */,
				815222E62084666B00FFEF57 /* Release */,
			);
			defaultConfigurationIsVisible = 0;
			defaultConfigurationName = Release;
		};
		815222E72084666B00FFEF57 /* Build configuration list for PBXNativeTarget "dillyBagApp" */ = {
			isa = XCConfigurationList;
			buildConfigurations = (
				815222E82084666B00FFEF57 /* Debug */,
				815222E92084666B00FFEF57 /* Release */,
			);
			defaultConfigurationIsVisible = 0;
			defaultConfigurationName = Release;
		};
/* End XCConfigurationList section */
	};
	rootObject = 815222CD2084666900FFEF57 /* Project object */;
}
